
Microsoft Visual Studio Solution File, Format Version 12.00
# Visual Studio 2012
Project("{FAE04EC0-301F-11D3-BF4B-00C04F79EFBC}") = "LayoutOptionsVideo", "LayoutOptionsVideo\LayoutOptionsVideo.csproj", "{2DE4B4F3-76EB-460B-8022-32BEC75F21E4}"
EndProject
Project("{FAE04EC0-301F-11D3-BF4B-00C04F79EFBC}") = "LayoutOptionsVideo.iOS", "iOS\LayoutOptionsVideo.iOS.csproj", "{32E1C080-CFDA-481D-84CE-91CE8C65C541}"
EndProject
Project("{FAE04EC0-301F-11D3-BF4B-00C04F79EFBC}") = "LayoutOptionsVideo.Droid", "Droid\LayoutOptionsVideo.Droid.csproj", "{15BA6887-A190-4D1B-9F2B-1D233E75ED2B}"
EndProject
Global
	GlobalSection(SolutionConfigurationPlatforms) = preSolution
		Debug|Any CPU = Debug|Any CPU
		Release|Any CPU = Release|Any CPU
		Debug|iPhoneSimulator = Debug|iPhoneSimulator
		Release|iPhone = Release|iPhone
		Release|iPhoneSimulator = Release|iPhoneSimulator
		Debug|iPhone = Debug|iPhone
	EndGlobalSection
	GlobalSection(ProjectConfigurationPlatforms) = postSolution
		{2DE4B4F3-76EB-460B-8022-32BEC75F21E4}.Debug|Any CPU.ActiveCfg = Debug|Any CPU
		{2DE4B4F3-76EB-460B-8022-32BEC75F21E4}.Debug|Any CPU.Build.0 = Debug|Any CPU
		{2DE4B4F3-76EB-460B-8022-32BEC75F21E4}.Release|Any CPU.ActiveCfg = Release|Any CPU
		{2DE4B4F3-76EB-460B-8022-32BEC75F21E4}.Release|Any CPU.Build.0 = Release|Any CPU
		{2DE4B4F3-76EB-460B-8022-32BEC75F21E4}.Debug|iPhoneSimulator.ActiveCfg = Debug|Any CPU
		{2DE4B4F3-76EB-460B-8022-32BEC75F21E4}.Debug|iPhoneSimulator.Build.0 = Debug|Any CPU
		{2DE4B4F3-76EB-460B-8022-32BEC75F21E4}.Release|iPhone.ActiveCfg = Release|Any CPU
		{2DE4B4F3-76EB-460B-8022-32BEC75F21E4}.Release|iPhone.Build.0 = Release|Any CPU
		{2DE4B4F3-76EB-460B-8022-32BEC75F21E4}.Release|iPhoneSimulator.ActiveCfg = Release|Any CPU
		{2DE4B4F3-76EB-460B-8022-32BEC75F21E4}.Release|iPhoneSimulator.Build.0 = Release|Any CPU
		{2DE4B4F3-76EB-460B-8022-32BEC75F21E4}.Debug|iPhone.ActiveCfg = Debug|Any CPU
		{2DE4B4F3-76EB-460B-8022-32BEC75F21E4}.Debug|iPhone.Build.0 = Debug|Any CPU
		{32E1C080-CFDA-481D-84CE-91CE8C65C541}.Debug|Any CPU.ActiveCfg = Debug|iPhoneSimulator
		{32E1C080-CFDA-481D-84CE-91CE8C65C541}.Debug|Any CPU.Build.0 = Debug|iPhoneSimulator
		{32E1C080-CFDA-481D-84CE-91CE8C65C541}.Release|Any CPU.ActiveCfg = Release|iPhone
		{32E1C080-CFDA-481D-84CE-91CE8C65C541}.Release|Any CPU.Build.0 = Release|iPhone
		{32E1C080-CFDA-481D-84CE-91CE8C65C541}.Debug|iPhoneSimulator.ActiveCfg = Debug|iPhoneSimulator
		{32E1C080-CFDA-481D-84CE-91CE8C65C541}.Debug|iPhoneSimulator.Build.0 = Debug|iPhoneSimulator
		{32E1C080-CFDA-481D-84CE-91CE8C65C541}.Release|iPhone.ActiveCfg = Release|iPhone
		{32E1C080-CFDA-481D-84CE-91CE8C65C541}.Release|iPhone.Build.0 = Release|iPhone
		{32E1C080-CFDA-481D-84CE-91CE8C65C541}.Release|iPhoneSimulator.ActiveCfg = Release|iPhoneSimulator
		{32E1C080-CFDA-481D-84CE-91CE8C65C541}.Release|iPhoneSimulator.Build.0 = Release|iPhoneSimulator
		{32E1C080-CFDA-481D-84CE-91CE8C65C541}.Debug|iPhone.ActiveCfg = Debug|iPhone
		{32E1C080-CFDA-481D-84CE-91CE8C65C541}.Debug|iPhone.Build.0 = Debug|iPhone
		{15BA6887-A190-4D1B-9F2B-1D233E75ED2B}.Debug|Any CPU.ActiveCfg = Debug|Any CPU
		{15BA6887-A190-4D1B-9F2B-1D233E75ED2B}.Debug|Any CPU.Build.0 = Debug|Any CPU
		{15BA6887-A190-4D1B-9F2B-1D233E75ED2B}.Release|Any CPU.ActiveCfg = Release|Any CPU
		{15BA6887-A190-4D1B-9F2B-1D233E75ED2B}.Release|Any CPU.Build.0 = Release|Any CPU
		{15BA6887-A190-4D1B-9F2B-1D233E75ED2B}.Debug|iPhoneSimulator.ActiveCfg = Debug|Any CPU
		{15BA6887-A190-4D1B-9F2B-1D233E75ED2B}.Debug|iPhoneSimulator.Build.0 = Debug|Any CPU
		{15BA6887-A190-4D1B-9F2B-1D233E75ED2B}.Release|iPhone.ActiveCfg = Release|Any CPU
		{15BA6887-A190-4D1B-9F2B-1D233E75ED2B}.Release|iPhone.Build.0 = Release|Any CPU
		{15BA6887-A190-4D1B-9F2B-1D233E75ED2B}.Release|iPhoneSimulator.ActiveCfg = Release|Any CPU
		{15BA6887-A190-4D1B-9F2B-1D233E75ED2B}.Release|iPhoneSimulator.Build.0 = Release|Any CPU
		{15BA6887-A190-4D1B-9F2B-1D233E75ED2B}.Debug|iPhone.ActiveCfg = Debug|Any CPU
		{15BA6887-A190-4D1B-9F2B-1D233E75ED2B}.Debug|iPhone.Build.0 = Debug|Any CPU
	EndGlobalSection
EndGlobal
